# This file is automatically @generated by Cargo.
# It is not intended for manual editing.
version = 4

[[package]]
name = "igs-iec104"
version = "0.1.0"
dependencies = [
 "igs-iec104-codec",
 "igs-iec104-link",
]

[[package]]
name = "igs-iec104-codec"
version = "0.1.0"

[[package]]
name = "igs-iec104-link"
version = "0.1.0"
dependencies = [
 "igs-iec104-codec",
]

[[package]]
name = "xtask"
version = "0.1.0"
